// !$*UTF8*$!
{
	archiveVersion = 1;
	classes = {
	};
	objectVersion = 46;
	objects = {

/* Begin PBXBuildFile section */
		3110B4B01E66D2250011EA92 /* main.m in Sources */ = {isa = PBXBuildFile; fileRef = 3110B4AF1E66D2250011EA92 /* main.m */; };
		3110B4B31E66D2250011EA92 /* AppDelegate.m in Sources */ = {isa = PBXBuildFile; fileRef = 3110B4B21E66D2250011EA92 /* AppDelegate.m */; };
		3110B4B61E66D2250011EA92 /* ViewController.m in Sources */ = {isa = PBXBuildFile; fileRef = 3110B4B51E66D2250011EA92 /* ViewController.m */; };
		3110B4B91E66D2250011EA92 /* Main.storyboard in Resources */ = {isa = PBXBuildFile; fileRef = 3110B4B71E66D2250011EA92 /* Main.storyboard */; };
		3110B4BB1E66D2250011EA92 /* Assets.xcassets in Resources */ = {isa = PBXBuildFile; fileRef = 3110B4BA1E66D2250011EA92 /* Assets.xcassets */; };
		3110B4BE1E66D2250011EA92 /* LaunchScreen.storyboard in Resources */ = {isa = PBXBuildFile; fileRef = 3110B4BC1E66D2250011EA92 /* LaunchScreen.storyboard */; };
		3110B4C71E66D2370011EA92 /* FMExceptionView.m in Sources */ = {isa = PBXBuildFile; fileRef = 3110B4C61E66D2370011EA92 /* FMExceptionView.m */; };
/* End PBXBuildFile section */

/* Begin PBXFileReference section */
		3110B4AB1E66D2250011EA92 /* FMExceptionView.app */ = {isa = PBXFileReference; explicitFileType = wrapper.application; includeInIndex = 0; path = FMExceptionView.app; sourceTree = BUILT_PRODUCTS_DIR; };
		3110B4AF1E66D2250011EA92 /* main.m */ = {isa = PBXFileReference; lastKnownFileType = sourcecode.c.objc; path = main.m; sourceTree = "<group>"; };
		3110B4B11E66D2250011EA92 /* AppDelegate.h */ = {isa = PBXFileReference; lastKnownFileType = sourcecode.c.h; path = AppDelegate.h; sourceTree = "<group>"; };
		3110B4B21E66D2250011EA92 /* AppDelegate.m */ = {isa = PBXFileReference; lastKnownFileType = sourcecode.c.objc; path = AppDelegate.m; sourceTree = "<group>"; };
		3110B4B41E66D2250011EA92 /* ViewController.h */ = {isa = PBXFileReference; lastKnownFileType = sourcecode.c.h; path = ViewController.h; sourceTree = "<group>"; };
		3110B4B51E66D2250011EA92 /* ViewController.m */ = {isa = PBXFileReference; lastKnownFileType = sourcecode.c.objc; path = ViewController.m; sourceTree = "<group>"; };
		3110B4B81E66D2250011EA92 /* Base */ = {isa = PBXFileReference; lastKnownFileType = file.storyboard; name = Base; path = Base.lproj/Main.storyboard; sourceTree = "<group>"; };
		3110B4BA1E66D2250011EA92 /* Assets.xcassets */ = {isa = PBXFileReference; lastKnownFileType = folder.assetcatalog; path = Assets.xcassets; sourceTree = "<group>"; };
		3110B4BD1E66D2250011EA92 /* Base */ = {isa = PBXFileReference; lastKnownFileType = file.storyboard; name = Base; path = Base.lproj/LaunchScreen.storyboard; sourceTree = "<group>"; };
		3110B4BF1E66D2250011EA92 /* Info.plist */ = {isa = PBXFileReference; lastKnownFileType = text.plist.xml; path = Info.plist; sourceTree = "<group>"; };
		3110B4C51E66D2370011EA92 /* FMExceptionView.h */ = {isa = PBXFileReference; fileEncoding = 4; lastKnownFileType = sourcecode.c.h; path = FMExceptionView.h; sourceTree = "<group>"; };
		3110B4C61E66D2370011EA92 /* FMExceptionView.m */ = {isa = PBXFileReference; fileEncoding = 4; lastKnownFileType = sourcecode.c.objc; path = FMExceptionView.m; sourceTree = "<group>"; };
/* End PBXFileReference section */

/* Begin PBXFrameworksBuildPhase section */
		3110B4A81E66D2250011EA92 /* Frameworks */ = {
			isa = PBXFrameworksBuildPhase;
			buildActionMask = 2147483647;
			files = (
			);
			runOnlyForDeploymentPostprocessing = 0;
		};
/* End PBXFrameworksBuildPhase section */

/* Begin PBXGroup section */
		3110B4A21E66D2250011EA92 = {
			isa = PBXGroup;
			children = (
				3110B4AD1E66D2250011EA92 /* FMExceptionView */,
				3110B4AC1E66D2250011EA92 /* Products */,
			);
			sourceTree = "<group>";
		};
		3110B4AC1E66D2250011EA92 /* Products */ = {
			isa = PBXGroup;
			children = (
				3110B4AB1E66D2250011EA92 /* FMExceptionView.app */,
			);
			name = Products;
			sourceTree = "<group>";
		};
		3110B4AD1E66D2250011EA92 /* FMExceptionView */ = {
			isa = PBXGroup;
			children = (
				3110B4C51E66D2370011EA92 /* FMExceptionView.h */,
				3110B4C61E66D2370011EA92 /* FMExceptionView.m */,
				3110B4B11E66D2250011EA92 /* AppDelegate.h */,
				3110B4B21E66D2250011EA92 /* AppDelegate.m */,
				3110B4B41E66D2250011EA92 /* ViewController.h */,
				3110B4B51E66D2250011EA92 /* ViewController.m */,
				3110B4B71E66D2250011EA92 /* Main.storyboard */,
				3110B4BA1E66D2250011EA92 /* Assets.xcassets */,
				3110B4BC1E66D2250011EA92 /* LaunchScreen.storyboard */,
				3110B4BF1E66D2250011EA92 /* Info.plist */,
				3110B4AE1E66D2250011EA92 /* Supporting Files */,
			);
			path = FMExceptionView;
			sourceTree = "<group>";
		};
		3110B4AE1E66D2250011EA92 /* Supporting Files */ = {
			isa = PBXGroup;
			children = (
				3110B4AF1E66D2250011EA92 /* main.m */,
			);
			name = "Supporting Files";
			sourceTree = "<group>";
		};
/* End PBXGroup section */

/* Begin PBXNativeTarget section */
		3110B4AA1E66D2250011EA92 /* FMExceptionView */ = {
			isa = PBXNativeTarget;
			buildConfigurationList = 3110B4C21E66D2250011EA92 /* Build configuration list for PBXNativeTarget "FMExceptionView" */;
			buildPhases = (
				3110B4A71E66D2250011EA92 /* Sources */,
				3110B4A81E66D2250011EA92 /* Frameworks */,
				3110B4A91E66D2250011EA92 /* Resources */,
			);
			buildRules = (
			);
			dependencies = (
			);
			name = FMExceptionView;
			productName = FMExceptionView;
			productReference = 3110B4AB1E66D2250011EA92 /* FMExceptionView.app */;
			productType = "com.apple.product-type.application";
		};
/* End PBXNativeTarget section */

/* Begin PBXProject section */
		3110B4A31E66D2250011EA92 /* Project object */ = {
			isa = PBXProject;
			attributes = {
				LastUpgradeCheck = 0820;
				ORGANIZATIONNAME = hsw;
				TargetAttributes = {
					3110B4AA1E66D2250011EA92 = {
						CreatedOnToolsVersion = 8.2.1;
						ProvisioningStyle = Automatic;
					};
				};
			};
			buildConfigurationList = 3110B4A61E66D2250011EA92 /* Build configuration list for PBXProject "FMExceptionView" */;
			compatibilityVersion = "Xcode 3.2";
			developmentRegion = English;
			hasScannedForEncodings = 0;
			knownRegions = (
				en,
				Base,
			);
			mainGroup = 3110B4A21E66D2250011EA92;
			productRefGroup = 3110B4AC1E66D2250011EA92 /* Products */;
			projectDirPath = "";
			projectRoot = "";
			targets = (
				3110B4AA1E66D2250011EA92 /* FMExceptionView */,
			);
		};
/* End PBXProject section */

/* Begin PBXResourcesBuildPhase section */
		3110B4A91E66D2250011EA92 /* Resources */ = {
			isa = PBXResourcesBuildPhase;
			buildActionMask = 2147483647;
			files = (
				3110B4BE1E66D2250011EA92 /* LaunchScreen.storyboard in Resources */,
				3110B4BB1E66D2250011EA92 /* Assets.xcassets in Resources */,
				3110B4B91E66D2250011EA92 /* Main.storyboard in Resources */,
			);
			runOnlyForDeploymentPostprocessing = 0;
		};
/* End PBXResourcesBuildPhase section */

/* Begin PBXSourcesBuildPhase section */
		3110B4A71E66D2250011EA92 /* Sources */ = {
			isa = PBXSourcesBuildPhase;
			buildActionMask = 2147483647;
			files = (
				3110B4B61E66D2250011EA92 /* ViewController.m in Sources */,
				3110B4C71E66D2370011EA92 /* FMExceptionView.m in Sources */,
				3110B4B31E66D2250011EA92 /* AppDelegate.m in Sources */,
				3110B4B01E66D2250011EA92 /* main.m in Sources */,
			);
			runOnlyForDeploymentPostprocessing = 0;
		};
/* End PBXSourcesBuildPhase section */

/* Begin PBXVariantGroup section */
		3110B4B71E66D2250011EA92 /* Main.storyboard */ = {
			isa = PBXVariantGroup;
			children = (
				3110B4B81E66D2250011EA92 /* Base */,
			);
			name = Main.storyboard;
			sourceTree = "<group>";
		};
		3110B4BC1E66D2250011EA92 /* LaunchScreen.storyboard */ = {
			isa = PBXVariantGroup;
			children = (
				3110B4BD1E66D2250011EA92 /* Base */,
			);
			name = LaunchScreen.storyboard;
			sourceTree = "<group>";
		};
/* End PBXVariantGroup section */

/* Begin XCBuildConfiguration section */
		3110B4C01E66D2250011EA92 /* Debug */ = {
			isa = XCBuildConfiguration;
			buildSettings = {
				ALWAYS_SEARCH_USER_PATHS = NO;
				CLANG_ANALYZER_NONNULL = YES;
				CLANG_CXX_LANGUAGE_STANDARD = "gnu++0x";
				CLANG_CXX_LIBRARY = "libc++";
				CLANG_ENABLE_MODULES = YES;
				CLANG_ENABLE_OBJC_ARC = YES;
				CLANG_WARN_BOOL_CONVERSION = YES;
				CLANG_WARN_CONSTANT_CONVERSION = YES;
				CLANG_WARN_DIRECT_OBJC_ISA_USAGE = YES_ERROR;
				CLANG_WARN_DOCUMENTATION_COMMENTS = YES;
				CLANG_WARN_EMPTY_BODY = YES;
				CLANG_WARN_ENUM_CONVERSION = YES;
				CLANG_WARN_INFINITE_RECURSION = YES;
				CLANG_WARN_INT_CONVERSION = YES;
				CLANG_WARN_OBJC_ROOT_CLASS = YES_ERROR;
				CLANG_WARN_SUSPICIOUS_MOVE = YES;
				CLANG_WARN_UNREACHABLE_CODE = YES;
				CLANG_WARN__DUPLICATE_METHOD_MATCH = YES;
				"CODE_SIGN_IDENTITY[sdk=iphoneos*]" = "iPhone Developer";
				COPY_PHASE_STRIP = NO;
				DEBUG_INFORMATION_FORMAT = dwarf;
				ENABLE_STRICT_OBJC_MSGSEND = YES;
				ENABLE_TESTABILITY = YES;
				GCC_C_LANGUAGE_STANDARD = gnu99;
				GCC_DYNAMIC_NO_PIC = NO;
				GCC_NO_COMMON_BLOCKS = YES;
				GCC_OPTIMIZATION_LEVEL = 0;
				GCC_PREPROCESSOR_DEFINITIONS = (
					"DEBUG=1",
					"$(inherited)",
				);
				GCC_WARN_64_TO_32_BIT_CONVERSION = YES;
				GCC_WARN_ABOUT_RETURN_TYPE = YES_ERROR;
				GCC_WARN_UNDECLARED_SELECTOR = YES;
				GCC_WARN_UNINITIALIZED_AUTOS = YES_AGGRESSIVE;
				GCC_WARN_UNUSED_FUNCTION = YES;
				GCC_WARN_UNUSED_VARIABLE = YES;
				IPHONEOS_DEPLOYMENT_TARGET = 10.2;
				MTL_ENABLE_DEBUG_INFO = YES;
				ONLY_ACTIVE_ARCH = YES;
				SDKROOT = iphoneos;
				TARGETED_DEVICE_FAMILY = "1,2";
			};
			name = Debug;
		};
		3110B4C11E66D2250011EA92 /* Release */ = {
			isa = XCBuildConfiguration;
			buildSettings = {
				ALWAYS_SEARCH_USER_PATHS = NO;
				CLANG_ANALYZER_NONNULL = YES;
				CLANG_CXX_LANGUAGE_STANDARD = "gnu++0x";
				CLANG_CXX_LIBRARY = "libc++";
				CLANG_ENABLE_MODULES = YES;
				CLANG_ENABLE_OBJC_ARC = YES;
				CLANG_WARN_BOOL_CONVERSION = YES;
				CLANG_WARN_CONSTANT_CONVERSION = YES;
				CLANG_WARN_DIRECT_OBJC_ISA_USAGE = YES_ERROR;
				CLANG_WARN_DOCUMENTATION_COMMENTS = YES;
				CLANG_WARN_EMPTY_BODY = YES;
				CLANG_WARN_ENUM_CONVERSION = YES;
				CLANG_WARN_INFINITE_RECURSION = YES;
				CLANG_WARN_INT_CONVERSION = YES;
				CLANG_WARN_OBJC_ROOT_CLASS = YES_ERROR;
				CLANG_WARN_SUSPICIOUS_MOVE = YES;
				CLANG_WARN_UNREACHABLE_CODE = YES;
				CLANG_WARN__DUPLICATE_METHOD_MATCH = YES;
				"CODE_SIGN_IDENTITY[sdk=iphoneos*]" = "iPhone Developer";
				COPY_PHASE_STRIP = NO;
				DEBUG_INFORMATION_FORMAT = "dwarf-with-dsym";
				ENABLE_NS_ASSERTIONS = NO;
				ENABLE_STRICT_OBJC_MSGSEND = YES;
				GCC_C_LANGUAGE_STANDARD = gnu99;
				GCC_NO_COMMON_BLOCKS = YES;
				GCC_WARN_64_TO_32_BIT_CONVERSION = YES;
				GCC_WARN_ABOUT_RETURN_TYPE = YES_ERROR;
				GCC_WARN_UNDECLARED_SELECTOR = YES;
				GCC_WARN_UNINITIALIZED_AUTOS = YES_AGGRESSIVE;
				GCC_WARN_UNUSED_FUNCTION = YES;
				GCC_WARN_UNUSED_VARIABLE = YES;
				IPHONEOS_DEPLOYMENT_TARGET = 10.2;
				MTL_ENABLE_DEBUG_INFO = NO;
				SDKROOT = iphoneos;
				TARGETED_DEVICE_FAMILY = "1,2";
				VALIDATE_PRODUCT = YES;
			};
			name = Release;
		};
		3110B4C31E66D2250011EA92 /* Debug */ = {
			isa = XCBuildConfiguration;
			buildSettings = {
				ASSETCATALOG_COMPILER_APPICON_NAME = AppIcon;
				INFOPLIST_FILE = FMExceptionView/Info.plist;
				LD_RUNPATH_SEARCH_PATHS = "$(inherited) @executable_path/Frameworks";
				PRODUCT_BUNDLE_IDENTIFIER = com.formax.FMExceptionView;
				PRODUCT_NAME = "$(TARGET_NAME)";
			};
			name = Debug;
		};
		3110B4C41E66D2250011EA92 /* Release */ = {
			isa = XCBuildConfiguration;
			buildSettings = {
				ASSETCATALOG_COMPILER_APPICON_NAME = AppIcon;
				INFOPLIST_FILE = FMExceptionView/Info.plist;
				LD_RUNPATH_SEARCH_PATHS = "$(inherited) @executable_path/Frameworks";
				PRODUCT_BUNDLE_IDENTIFIER = com.formax.FMExceptionView;
				PRODUCT_NAME = "$(TARGET_NAME)";
			};
			name = Release;
		};
/* End XCBuildConfiguration section */

/* Begin XCConfigurationList section */
		3110B4A61E66D2250011EA92 /* Build configuration list for PBXProject "FMExceptionView" */ = {
			isa = XCConfigurationList;
			buildConfigurations = (
				3110B4C01E66D2250011EA92 /* Debug */,
				3110B4C11E66D2250011EA92 /* Release */,
			);
			defaultConfigurationIsVisible = 0;
			defaultConfigurationName = Release;
		};
		3110B4C21E66D2250011EA92 /* Build configuration list for PBXNativeTarget "FMExceptionView" */ = {
			isa = XCConfigurationList;
			buildConfigurations = (
				3110B4C31E66D2250011EA92 /* Debug */,
				3110B4C41E66D2250011EA92 /* Release */,
			);
			defaultConfigurationIsVisible = 0;
		};
/* End XCConfigurationList section */
	};
	rootObject = 3110B4A31E66D2250011EA92 /* Project object */;
}
